{
  "nodes": {
    "flake-utils": {
      "locked": {
        "lastModified": 1623875721,
        "narHash": "sha256-A8BU7bjS5GirpAUv4QA+QnJ4CceLHkcXdRp4xITDB0s=",
        "owner": "numtide",
        "repo": "flake-utils",
        "rev": "f7e004a55b120c02ecb6219596820fcd32ca8772",
        "type": "github"
      },
      "original": {
        "owner": "numtide",
        "repo": "flake-utils",
        "type": "github"
      }
    },
    "mach-nix": {
      "inputs": {
        "flake-utils": [
          "flake-utils"
        ],
        "nixpkgs": [
          "nixpkgs"
        ],
        "pypi-deps-db": [
          "pypi-deps-db"
        ]
      },
      "locked": {
        "lastModified": 1625744778,
        "narHash": "sha256-9Ynbc/fIHZWBSU8DUzOhpX0b5bDDCAH7esGIIPLhHlo=",
        "owner": "DavHau",
        "repo": "mach-nix",
        "rev": "d884751a1c5942529ec8daf9d11ec516f8397b86",
        "type": "github"
      },
      "original": {
        "owner": "DavHau",
        "repo": "mach-nix",
        "type": "github"
      }
    },
    "nixpkgs": {
      "locked": {
        "lastModified": 1627073833,
        "narHash": "sha256-mJoTtJ6baxuq34sgw/nJjp9e4jdMaEAwFCFqWe0xnC8=",
        "owner": "NixOS",
        "repo": "nixpkgs",
        "rev": "953909341ea62291a4c4a9483214f9a12d58ec99",
        "type": "github"
      },
      "original": {
        "owner": "NixOS",
        "repo": "nixpkgs",
        "type": "github"
      }
    },
    "pypi-deps-db": {
      "flake": false,
      "locked": {
        "lastModified": 1627071461,
        "narHash": "sha256-rjyulHdi3AjwjkaE5ZQ04dkjSunQVLErcag5+pFqOPA=",
        "owner": "DavHau",
        "repo": "pypi-deps-db",
        "rev": "a833baf3a934b6eb0ef3764140af5e5b2e550a99",
        "type": "github"
      },
      "original": {
        "owner": "DavHau",
        "repo": "pypi-deps-db",
        "type": "github"
      }
    },
    "root": {
      "inputs": {
        "flake-utils": "flake-utils",
        "mach-nix": "mach-nix",
        "nixpkgs": "nixpkgs",
        "pypi-deps-db": "pypi-deps-db"
      }
    }
  },
  "root": "root",
  "version": 7
}
